
Microsoft Visual Studio Solution File, Format Version 12.00
# Visual Studio Version 17
VisualStudioVersion = 17.5.002.0
MinimumVisualStudioVersion = 10.0.40219.1
Project("{9A19103F-16F7-4668-BE54-9A1E7A4F7556}") = "azexample", "azexample.csproj", "{B003C84F-96D7-4A27-8227-0A3B8D9AF192}"
EndProject
Global
	GlobalSection(SolutionConfigurationPlatforms) = preSolution
		Debug|Any CPU = Debug|Any CPU
		Release|Any CPU = Release|Any CPU
	EndGlobalSection
	GlobalSection(ProjectConfigurationPlatforms) = postSolution
		{B003C84F-96D7-4A27-8227-0A3B8D9AF192}.Debug|Any CPU.ActiveCfg = Debug|Any CPU
		{B003C84F-96D7-4A27-8227-0A3B8D9AF192}.Debug|Any CPU.Build.0 = Debug|Any CPU
		{B003C84F-96D7-4A27-8227-0A3B8D9AF192}.Release|Any CPU.ActiveCfg = Release|Any CPU
		{B003C84F-96D7-4A27-8227-0A3B8D9AF192}.Release|Any CPU.Build.0 = Release|Any CPU
	EndGlobalSection
	GlobalSection(SolutionProperties) = preSolution
		HideSolutionNode = FALSE
	EndGlobalSection
	GlobalSection(ExtensibilityGlobals) = postSolution
		SolutionGuid = {4D570669-D81E-49D6-861E-011E28F3F6D0}
	EndGlobalSection
EndGlobal
